{
  "name": "auditpilot-ai",
  "version": "0.1.0",
  "lockfileVersion": 3,
  "requires": true,
  "packages": {
    "": {
      "name": "auditpilot-ai",
      "version": "0.1.0",
      "workspaces": [
        "apps/*",
        "packages/*"
      ],
      "dependencies": {
        "@prisma/client": "^5.18.0"
      },
      "devDependencies": {
        "@types/node": "^26.1.1",
        "prisma": "^5.18.0",
        "typescript": "^5.5.4"
      }
    },
    "apps/api": {
      "name": "@auditpilot/api",
      "version": "0.1.0",
      "dependencies": {
        "@auditpilot/shared": "file:../../packages/shared"
      }
    },
    "apps/web": {
      "name": "@auditpilot/web",
      "version": "0.1.0"
    },
    "apps/worker": {
      "name": "@auditpilot/worker",
      "version": "0.1.0",
      "dependencies": {
        "@auditpilot/shared": "file:../../packages/shared"
      }
    },
    "node_modules/@auditpilot/ai-engine": {
      "resolved": "packages/ai-engine",
      "link": true
    },
    "node_modules/@auditpilot/analyzers": {
      "resolved": "packages/analyzers",
      "link": true
    },
    "node_modules/@auditpilot/api": {
      "resolved": "apps/api",
      "link": true
    },
    "node_modules/@auditpilot/playwright-engine": {
      "resolved": "packages/playwright-engine",
      "link": true
    },
    "node_modules/@auditpilot/shared": {
      "resolved": "packages/shared",
      "link": true
    },
    "node_modules/@auditpilot/test-generator": {
      "resolved": "packages/test-generator",
      "link": true
    },
    "node_modules/@auditpilot/web": {
      "resolved": "apps/web",
      "link": true
    },
    "node_modules/@auditpilot/worker": {
      "resolved": "apps/worker",
      "link": true
    },
    "node_modules/@prisma/client": {
      "version": "5.22.0",
      "hasInstallScript": true,
      "license": "Apache-2.0",
      "engines": {
        "node": ">=16.13"
      },
      "peerDependencies": {
        "prisma": "*"
      },
      "peerDependenciesMeta": {
        "prisma": {
          "optional": true
        }
      }
    },
    "node_modules/@prisma/debug": {
      "version": "5.22.0",
      "devOptional": true,
      "license": "Apache-2.0"
    },
    "node_modules/@prisma/engines": {
      "version": "5.22.0",
      "devOptional": true,
      "hasInstallScript": true,
      "license": "Apache-2.0",
      "dependencies": {
        "@prisma/debug": "5.22.0",
        "@prisma/engines-version": "5.22.0-44.605197351a3c8bdd595af2d2a9bc3025bca48ea2",
        "@prisma/fetch-engine": "5.22.0",
        "@prisma/get-platform": "5.22.0"
      }
    },
    "node_modules/@prisma/engines-version": {
      "version": "5.22.0-44.605197351a3c8bdd595af2d2a9bc3025bca48ea2",
      "devOptional": true,
      "license": "Apache-2.0"
    },
    "node_modules/@prisma/fetch-engine": {
      "version": "5.22.0",
      "devOptional": true,
      "license": "Apache-2.0",
      "dependencies": {
        "@prisma/debug": "5.22.0",
        "@prisma/engines-version": "5.22.0-44.605197351a3c8bdd595af2d2a9bc3025bca48ea2",
        "@prisma/get-platform": "5.22.0"
      }
    },
    "node_modules/@prisma/get-platform": {
      "version": "5.22.0",
      "devOptional": true,
      "license": "Apache-2.0",
      "dependencies": {
        "@prisma/debug": "5.22.0"
      }
    },
    "node_modules/@types/node": {
      "version": "26.1.1",
      "resolved": "https://registry.npmjs.org/@types/node/-/node-26.1.1.tgz",
      "integrity": "sha512-nxAkRSVkN1Y0JC1W8ky/fTfkGsMmcrRsbx+3XoZE+rMOX71kLYTV7fLXpqud1GpbpP5TuffXFqfX7fH2GgZREw==",
      "dev": true,
      "license": "MIT",
      "dependencies": {
        "undici-types": "~8.3.0"
      }
    },
    "node_modules/prisma": {
      "version": "5.22.0",
      "devOptional": true,
      "hasInstallScript": true,
      "license": "Apache-2.0",
      "dependencies": {
        "@prisma/engines": "5.22.0"
      },
      "bin": {
        "prisma": "build/index.js"
      },
      "engines": {
        "node": ">=16.13"
      },
      "optionalDependencies": {
        "fsevents": "2.3.3"
      }
    },
    "node_modules/typescript": {
      "version": "5.9.3",
      "resolved": "https://registry.npmjs.org/typescript/-/typescript-5.9.3.tgz",
      "integrity": "sha512-jl1vZzPDinLr9eUt3J/t7V6FgNEw9QjvBPdysz9KfQDD41fQrC2Y4vKQdiaUpFT4bXlb1RHhLpp8wtm6M5TgSw==",
      "dev": true,
      "license": "Apache-2.0",
      "bin": {
        "tsc": "bin/tsc",
        "tsserver": "bin/tsserver"
      },
      "engines": {
        "node": ">=14.17"
      }
    },
    "node_modules/undici-types": {
      "version": "8.3.0",
      "resolved": "https://registry.npmjs.org/undici-types/-/undici-types-8.3.0.tgz",
      "integrity": "sha512-j375ScV60dom+YkPFIfTLcOiPxkN/buHz5GobjLhixFuANaNs3C9l4GmrWqejgXWJ7BbJcFYpTEUkS1Ge8bpZQ==",
      "dev": true,
      "license": "MIT"
    },
    "node_modules/zod": {
      "version": "3.25.76",
      "resolved": "https://registry.npmjs.org/zod/-/zod-3.25.76.tgz",
      "integrity": "sha512-gzUt/qt81nXsFGKIFcC3YnfEAx5NkunCfnDlvuBSSFS02bcXu4Lmea0AFIUwbLWxWPx3d9p8S5QoaujKcNQxcQ==",
      "license": "MIT",
      "funding": {
        "url": "https://github.com/sponsors/colinhacks"
      }
    },
    "packages/ai-engine": {
      "name": "@auditpilot/ai-engine",
      "version": "0.1.0",
      "dependencies": {
        "@auditpilot/shared": "file:../shared"
      }
    },
    "packages/analyzers": {
      "name": "@auditpilot/analyzers",
      "version": "0.1.0",
      "dependencies": {
        "@auditpilot/shared": "file:../shared"
      }
    },
    "packages/playwright-engine": {
      "name": "@auditpilot/playwright-engine",
      "version": "0.1.0",
      "dependencies": {
        "@auditpilot/shared": "file:../shared"
      }
    },
    "packages/shared": {
      "name": "@auditpilot/shared",
      "version": "0.1.0",
      "dependencies": {
        "zod": "^3.23.8"
      }
    },
    "packages/test-generator": {
      "name": "@auditpilot/test-generator",
      "version": "0.1.0",
      "dependencies": {
        "@auditpilot/shared": "file:../shared"
      }
    }
  }
}
