{
  "name": "auditpilot-ai",
  "version": "0.1.0",
  "lockfileVersion": 3,
  "requires": true,
  "packages": {
    "": {
      "name": "auditpilot-ai",
      "version": "0.1.0",
      "workspaces": [
        "apps/*",
        "packages/*"
      ],
      "devDependencies": {
        "typescript": "^5.5.4"
      }
    },
    "apps/api": {
      "name": "@auditpilot/api",
      "version": "0.1.0",
      "dependencies": {
        "@auditpilot/shared": "file:../../packages/shared"
      }
    },
    "apps/web": {
      "name": "@auditpilot/web",
      "version": "0.1.0"
    },
    "apps/worker": {
      "name": "@auditpilot/worker",
      "version": "0.1.0",
      "dependencies": {
        "@auditpilot/shared": "file:../../packages/shared"
      }
    },
    "node_modules/@auditpilot/ai-engine": {
      "resolved": "packages/ai-engine",
      "link": true
    },
    "node_modules/@auditpilot/analyzers": {
      "resolved": "packages/analyzers",
      "link": true
    },
    "node_modules/@auditpilot/api": {
      "resolved": "apps/api",
      "link": true
    },
    "node_modules/@auditpilot/playwright-engine": {
      "resolved": "packages/playwright-engine",
      "link": true
    },
    "node_modules/@auditpilot/shared": {
      "resolved": "packages/shared",
      "link": true
    },
    "node_modules/@auditpilot/test-generator": {
      "resolved": "packages/test-generator",
      "link": true
    },
    "node_modules/@auditpilot/web": {
      "resolved": "apps/web",
      "link": true
    },
    "node_modules/@auditpilot/worker": {
      "resolved": "apps/worker",
      "link": true
    },
    "node_modules/typescript": {
      "version": "5.9.3",
      "resolved": "https://registry.npmjs.org/typescript/-/typescript-5.9.3.tgz",
      "integrity": "sha512-jl1vZzPDinLr9eUt3J/t7V6FgNEw9QjvBPdysz9KfQDD41fQrC2Y4vKQdiaUpFT4bXlb1RHhLpp8wtm6M5TgSw==",
      "dev": true,
      "license": "Apache-2.0",
      "bin": {
        "tsc": "bin/tsc",
        "tsserver": "bin/tsserver"
      },
      "engines": {
        "node": ">=14.17"
      }
    },
    "node_modules/zod": {
      "version": "3.25.76",
      "resolved": "https://registry.npmjs.org/zod/-/zod-3.25.76.tgz",
      "integrity": "sha512-gzUt/qt81nXsFGKIFcC3YnfEAx5NkunCfnDlvuBSSFS02bcXu4Lmea0AFIUwbLWxWPx3d9p8S5QoaujKcNQxcQ==",
      "license": "MIT",
      "funding": {
        "url": "https://github.com/sponsors/colinhacks"
      }
    },
    "packages/ai-engine": {
      "name": "@auditpilot/ai-engine",
      "version": "0.1.0",
      "dependencies": {
        "@auditpilot/shared": "file:../shared"
      }
    },
    "packages/analyzers": {
      "name": "@auditpilot/analyzers",
      "version": "0.1.0",
      "dependencies": {
        "@auditpilot/shared": "file:../shared"
      }
    },
    "packages/playwright-engine": {
      "name": "@auditpilot/playwright-engine",
      "version": "0.1.0",
      "dependencies": {
        "@auditpilot/shared": "file:../shared"
      }
    },
    "packages/shared": {
      "name": "@auditpilot/shared",
      "version": "0.1.0",
      "dependencies": {
        "zod": "^3.23.8"
      }
    },
    "packages/test-generator": {
      "name": "@auditpilot/test-generator",
      "version": "0.1.0",
      "dependencies": {
        "@auditpilot/shared": "file:../shared"
      }
    }
  }
}
